{
  "bash-language-server": "5.6.0",
  "css-lsp": "4.10.0",
  "gopls": "v0.21.1",
  "html-lsp": "4.10.0",
  "json-lsp": "4.10.0",
  "lua-language-server": "3.18.2",
  "marksman": "2026-02-08",
  "mdx-analyzer": "0.6.3",
  "pyright": "1.1.409",
  "rust-analyzer": "2026-04-13",
  "taplo": "0.10.0",
  "typescript-language-server": "5.1.3",
  "yaml-language-server": "1.22.0"
}
